// !$*UTF8*$!
{
	archiveVersion = 1;
	classes = {
	};
	objectVersion = 46;
	objects = {

/* Begin PBXBuildFile section */
		5D1065FB1E3BE494007D417F /* pushconfig.plist in Resources */ = {isa = PBXBuildFile; fileRef = 5D1065FA1E3BE494007D417F /* pushconfig.plist */; };
		5D1066051E3C25BE007D417F /* InfoViewController.swift in Sources */ = {isa = PBXBuildFile; fileRef = 5D1066041E3C25BE007D417F /* InfoViewController.swift */; };
		5D1066071E3C25F5007D417F /* AdviceViewController.swift in Sources */ = {isa = PBXBuildFile; fileRef = 5D1066061E3C25F5007D417F /* AdviceViewController.swift */; };
		5D2F3AFD1E3C5ABC00B77FFE /* MonthPickerView.swift in Sources */ = {isa = PBXBuildFile; fileRef = 5D2F3AF31E3C5ABC00B77FFE /* MonthPickerView.swift */; };
		5D2F3AFE1E3C5ABC00B77FFE /* MonthPickerView.xib in Resources */ = {isa = PBXBuildFile; fileRef = 5D2F3AF41E3C5ABC00B77FFE /* MonthPickerView.xib */; };
		5D2F3AFF1E3C5ABC00B77FFE /* AdviceHeaderViewCell.swift in Sources */ = {isa = PBXBuildFile; fileRef = 5D2F3AF61E3C5ABC00B77FFE /* AdviceHeaderViewCell.swift */; };
		5D2F3B001E3C5ABD00B77FFE /* AdviceHeaderViewCell.xib in Resources */ = {isa = PBXBuildFile; fileRef = 5D2F3AF71E3C5ABC00B77FFE /* AdviceHeaderViewCell.xib */; };
		5D2F3B011E3C5ABD00B77FFE /* AdviceViewCell.swift in Sources */ = {isa = PBXBuildFile; fileRef = 5D2F3AF81E3C5ABC00B77FFE /* AdviceViewCell.swift */; };
		5D2F3B021E3C5ABD00B77FFE /* AdviceViewCell.xib in Resources */ = {isa = PBXBuildFile; fileRef = 5D2F3AF91E3C5ABC00B77FFE /* AdviceViewCell.xib */; };
		5D2F3B031E3C5ABD00B77FFE /* DashboardInfoViewCell.swift in Sources */ = {isa = PBXBuildFile; fileRef = 5D2F3AFA1E3C5ABC00B77FFE /* DashboardInfoViewCell.swift */; };
		5D2F3B041E3C5ABD00B77FFE /* DashboardInfoViewCell.xib in Resources */ = {isa = PBXBuildFile; fileRef = 5D2F3AFB1E3C5ABC00B77FFE /* DashboardInfoViewCell.xib */; };
		5D2F3B061E3C5B1A00B77FFE /* MonthOverviewModel.swift in Sources */ = {isa = PBXBuildFile; fileRef = 5D2F3B051E3C5B1A00B77FFE /* MonthOverviewModel.swift */; };
		5D2F3B081E3C5BBB00B77FFE /* PriceModel.swift in Sources */ = {isa = PBXBuildFile; fileRef = 5D2F3B071E3C5BBB00B77FFE /* PriceModel.swift */; };
		5D2F3B0F1E3CA38F00B77FFE /* assets in Resources */ = {isa = PBXBuildFile; fileRef = 5D2F3B0E1E3CA38F00B77FFE /* assets */; };
		5D2F3B131E3CAD0300B77FFE /* DashboardInfoHeaderViewCell.swift in Sources */ = {isa = PBXBuildFile; fileRef = 5D2F3B111E3CAD0300B77FFE /* DashboardInfoHeaderViewCell.swift */; };
		5D2F3B141E3CAD0300B77FFE /* DashboardInfoHeaderViewCell.xib in Resources */ = {isa = PBXBuildFile; fileRef = 5D2F3B121E3CAD0300B77FFE /* DashboardInfoHeaderViewCell.xib */; };
		5D2F3B161E3CC02D00B77FFE /* FinalModel.swift in Sources */ = {isa = PBXBuildFile; fileRef = 5D2F3B151E3CC02D00B77FFE /* FinalModel.swift */; };
		5DFF7AA01E3BAF6000356C66 /* AppDelegate.swift in Sources */ = {isa = PBXBuildFile; fileRef = 5DFF7A9F1E3BAF6000356C66 /* AppDelegate.swift */; };
		5DFF7AA21E3BAF6000356C66 /* DashboardViewController.swift in Sources */ = {isa = PBXBuildFile; fileRef = 5DFF7AA11E3BAF6000356C66 /* DashboardViewController.swift */; };
		5DFF7AA51E3BAF6000356C66 /* Main.storyboard in Resources */ = {isa = PBXBuildFile; fileRef = 5DFF7AA31E3BAF6000356C66 /* Main.storyboard */; };
		5DFF7AA71E3BAF6000356C66 /* Assets.xcassets in Resources */ = {isa = PBXBuildFile; fileRef = 5DFF7AA61E3BAF6000356C66 /* Assets.xcassets */; };
		5DFF7AAA1E3BAF6000356C66 /* LaunchScreen.storyboard in Resources */ = {isa = PBXBuildFile; fileRef = 5DFF7AA81E3BAF6000356C66 /* LaunchScreen.storyboard */; };
		8F91BA212F9FC5ADD8D41738 /* Pods_Pythia.framework in Frameworks */ = {isa = PBXBuildFile; fileRef = 01F3337FEE42649365F80F18 /* Pods_Pythia.framework */; };
		C02796CF0A40AD4E7DF3BB17 /* Pods_Energyhack.framework in Frameworks */ = {isa = PBXBuildFile; fileRef = 1AF71882C41C0E5938FF3218 /* Pods_Energyhack.framework */; };
/* End PBXBuildFile section */

/* Begin PBXFileReference section */
		01F3337FEE42649365F80F18 /* Pods_Pythia.framework */ = {isa = PBXFileReference; explicitFileType = wrapper.framework; includeInIndex = 0; path = Pods_Pythia.framework; sourceTree = BUILT_PRODUCTS_DIR; };
		1AF71882C41C0E5938FF3218 /* Pods_Energyhack.framework */ = {isa = PBXFileReference; explicitFileType = wrapper.framework; includeInIndex = 0; path = Pods_Energyhack.framework; sourceTree = BUILT_PRODUCTS_DIR; };
		3379363AC7A6FEC29F95DA44 /* Pods-Energyhack.debug.xcconfig */ = {isa = PBXFileReference; includeInIndex = 1; lastKnownFileType = text.xcconfig; name = "Pods-Energyhack.debug.xcconfig"; path = "Pods/Target Support Files/Pods-Energyhack/Pods-Energyhack.debug.xcconfig"; sourceTree = "<group>"; };
		48AC6F5141A262EB0A3A8380 /* Pods-Pythia.debug.xcconfig */ = {isa = PBXFileReference; includeInIndex = 1; lastKnownFileType = text.xcconfig; name = "Pods-Pythia.debug.xcconfig"; path = "Pods/Target Support Files/Pods-Pythia/Pods-Pythia.debug.xcconfig"; sourceTree = "<group>"; };
		5D1065FA1E3BE494007D417F /* pushconfig.plist */ = {isa = PBXFileReference; fileEncoding = 4; lastKnownFileType = text.plist.xml; path = pushconfig.plist; sourceTree = "<group>"; };
		5D1066041E3C25BE007D417F /* InfoViewController.swift */ = {isa = PBXFileReference; fileEncoding = 4; lastKnownFileType = sourcecode.swift; path = InfoViewController.swift; sourceTree = "<group>"; };
		5D1066061E3C25F5007D417F /* AdviceViewController.swift */ = {isa = PBXFileReference; fileEncoding = 4; lastKnownFileType = sourcecode.swift; path = AdviceViewController.swift; sourceTree = "<group>"; };
		5D2F3AF31E3C5ABC00B77FFE /* MonthPickerView.swift */ = {isa = PBXFileReference; fileEncoding = 4; lastKnownFileType = sourcecode.swift; path = MonthPickerView.swift; sourceTree = "<group>"; };
		5D2F3AF41E3C5ABC00B77FFE /* MonthPickerView.xib */ = {isa = PBXFileReference; fileEncoding = 4; lastKnownFileType = file.xib; path = MonthPickerView.xib; sourceTree = "<group>"; };
		5D2F3AF61E3C5ABC00B77FFE /* AdviceHeaderViewCell.swift */ = {isa = PBXFileReference; fileEncoding = 4; lastKnownFileType = sourcecode.swift; path = AdviceHeaderViewCell.swift; sourceTree = "<group>"; };
		5D2F3AF71E3C5ABC00B77FFE /* AdviceHeaderViewCell.xib */ = {isa = PBXFileReference; fileEncoding = 4; lastKnownFileType = file.xib; path = AdviceHeaderViewCell.xib; sourceTree = "<group>"; };
		5D2F3AF81E3C5ABC00B77FFE /* AdviceViewCell.swift */ = {isa = PBXFileReference; fileEncoding = 4; lastKnownFileType = sourcecode.swift; path = AdviceViewCell.swift; sourceTree = "<group>"; };
		5D2F3AF91E3C5ABC00B77FFE /* AdviceViewCell.xib */ = {isa = PBXFileReference; fileEncoding = 4; lastKnownFileType = file.xib; path = AdviceViewCell.xib; sourceTree = "<group>"; };
		5D2F3AFA1E3C5ABC00B77FFE /* DashboardInfoViewCell.swift */ = {isa = PBXFileReference; fileEncoding = 4; lastKnownFileType = sourcecode.swift; path = DashboardInfoViewCell.swift; sourceTree = "<group>"; };
		5D2F3AFB1E3C5ABC00B77FFE /* DashboardInfoViewCell.xib */ = {isa = PBXFileReference; fileEncoding = 4; lastKnownFileType = file.xib; path = DashboardInfoViewCell.xib; sourceTree = "<group>"; };
		5D2F3B051E3C5B1A00B77FFE /* MonthOverviewModel.swift */ = {isa = PBXFileReference; fileEncoding = 4; lastKnownFileType = sourcecode.swift; path = MonthOverviewModel.swift; sourceTree = "<group>"; };
		5D2F3B071E3C5BBB00B77FFE /* PriceModel.swift */ = {isa = PBXFileReference; fileEncoding = 4; lastKnownFileType = sourcecode.swift; path = PriceModel.swift; sourceTree = "<group>"; };
		5D2F3B0E1E3CA38F00B77FFE /* assets */ = {isa = PBXFileReference; lastKnownFileType = folder; name = assets; path = ../../../assets; sourceTree = "<group>"; };
		5D2F3B111E3CAD0300B77FFE /* DashboardInfoHeaderViewCell.swift */ = {isa = PBXFileReference; fileEncoding = 4; lastKnownFileType = sourcecode.swift; path = DashboardInfoHeaderViewCell.swift; sourceTree = "<group>"; };
		5D2F3B121E3CAD0300B77FFE /* DashboardInfoHeaderViewCell.xib */ = {isa = PBXFileReference; fileEncoding = 4; lastKnownFileType = file.xib; path = DashboardInfoHeaderViewCell.xib; sourceTree = "<group>"; };
		5D2F3B151E3CC02D00B77FFE /* FinalModel.swift */ = {isa = PBXFileReference; fileEncoding = 4; lastKnownFileType = sourcecode.swift; path = FinalModel.swift; sourceTree = "<group>"; };
		5DDF5F2F1E3BD1EB00E160DD /* Energyhack.entitlements */ = {isa = PBXFileReference; lastKnownFileType = text.plist.entitlements; path = Energyhack.entitlements; sourceTree = "<group>"; };
		5DFF7A9C1E3BAF6000356C66 /* Pythia.app */ = {isa = PBXFileReference; explicitFileType = wrapper.application; includeInIndex = 0; path = Pythia.app; sourceTree = BUILT_PRODUCTS_DIR; };
		5DFF7A9F1E3BAF6000356C66 /* AppDelegate.swift */ = {isa = PBXFileReference; lastKnownFileType = sourcecode.swift; path = AppDelegate.swift; sourceTree = "<group>"; };
		5DFF7AA11E3BAF6000356C66 /* DashboardViewController.swift */ = {isa = PBXFileReference; lastKnownFileType = sourcecode.swift; path = DashboardViewController.swift; sourceTree = "<group>"; };
		5DFF7AA41E3BAF6000356C66 /* Base */ = {isa = PBXFileReference; lastKnownFileType = file.storyboard; name = Base; path = Base.lproj/Main.storyboard; sourceTree = "<group>"; };
		5DFF7AA61E3BAF6000356C66 /* Assets.xcassets */ = {isa = PBXFileReference; lastKnownFileType = folder.assetcatalog; path = Assets.xcassets; sourceTree = "<group>"; };
		5DFF7AA91E3BAF6000356C66 /* Base */ = {isa = PBXFileReference; lastKnownFileType = file.storyboard; name = Base; path = Base.lproj/LaunchScreen.storyboard; sourceTree = "<group>"; };
		5DFF7AAB1E3BAF6000356C66 /* Info.plist */ = {isa = PBXFileReference; lastKnownFileType = text.plist.xml; path = Info.plist; sourceTree = "<group>"; };
		61B531C8E71313E30272F4E7 /* Pods-Pythia.release.xcconfig */ = {isa = PBXFileReference; includeInIndex = 1; lastKnownFileType = text.xcconfig; name = "Pods-Pythia.release.xcconfig"; path = "Pods/Target Support Files/Pods-Pythia/Pods-Pythia.release.xcconfig"; sourceTree = "<group>"; };
		86B4344D245FF2FADE40CD90 /* Pods-Energyhack.release.xcconfig */ = {isa = PBXFileReference; includeInIndex = 1; lastKnownFileType = text.xcconfig; name = "Pods-Energyhack.release.xcconfig"; path = "Pods/Target Support Files/Pods-Energyhack/Pods-Energyhack.release.xcconfig"; sourceTree = "<group>"; };
/* End PBXFileReference section */

/* Begin PBXFrameworksBuildPhase section */
		5DFF7A991E3BAF6000356C66 /* Frameworks */ = {
			isa = PBXFrameworksBuildPhase;
			buildActionMask = 2147483647;
			files = (
				C02796CF0A40AD4E7DF3BB17 /* Pods_Energyhack.framework in Frameworks */,
				8F91BA212F9FC5ADD8D41738 /* Pods_Pythia.framework in Frameworks */,
			);
			runOnlyForDeploymentPostprocessing = 0;
		};
/* End PBXFrameworksBuildPhase section */

/* Begin PBXGroup section */
		5D2F3AF21E3C5ABC00B77FFE /* Views */ = {
			isa = PBXGroup;
			children = (
				5D2F3AF31E3C5ABC00B77FFE /* MonthPickerView.swift */,
				5D2F3AF41E3C5ABC00B77FFE /* MonthPickerView.xib */,
			);
			path = Views;
			sourceTree = "<group>";
		};
		5D2F3AF51E3C5ABC00B77FFE /* TableViewCells */ = {
			isa = PBXGroup;
			children = (
				5D2F3AF61E3C5ABC00B77FFE /* AdviceHeaderViewCell.swift */,
				5D2F3AF71E3C5ABC00B77FFE /* AdviceHeaderViewCell.xib */,
				5D2F3AF81E3C5ABC00B77FFE /* AdviceViewCell.swift */,
				5D2F3AF91E3C5ABC00B77FFE /* AdviceViewCell.xib */,
				5D2F3AFA1E3C5ABC00B77FFE /* DashboardInfoViewCell.swift */,
				5D2F3AFB1E3C5ABC00B77FFE /* DashboardInfoViewCell.xib */,
				5D2F3B111E3CAD0300B77FFE /* DashboardInfoHeaderViewCell.swift */,
				5D2F3B121E3CAD0300B77FFE /* DashboardInfoHeaderViewCell.xib */,
			);
			path = TableViewCells;
			sourceTree = "<group>";
		};
		5D2F3AFC1E3C5ABC00B77FFE /* Models */ = {
			isa = PBXGroup;
			children = (
				5D2F3B051E3C5B1A00B77FFE /* MonthOverviewModel.swift */,
				5D2F3B071E3C5BBB00B77FFE /* PriceModel.swift */,
				5D2F3B151E3CC02D00B77FFE /* FinalModel.swift */,
			);
			path = Models;
			sourceTree = "<group>";
		};
		5DFF7A931E3BAF6000356C66 = {
			isa = PBXGroup;
			children = (
				5DFF7A9E1E3BAF6000356C66 /* Energyhack */,
				5DFF7A9D1E3BAF6000356C66 /* Products */,
				A14452F0158F5871F5B670FF /* Pods */,
				AA9E8512F84BB724A89F4436 /* Frameworks */,
			);
			sourceTree = "<group>";
		};
		5DFF7A9D1E3BAF6000356C66 /* Products */ = {
			isa = PBXGroup;
			children = (
				5DFF7A9C1E3BAF6000356C66 /* Pythia.app */,
			);
			name = Products;
			sourceTree = "<group>";
		};
		5DFF7A9E1E3BAF6000356C66 /* Energyhack */ = {
			isa = PBXGroup;
			children = (
				5D2F3B0E1E3CA38F00B77FFE /* assets */,
				5D2F3AF21E3C5ABC00B77FFE /* Views */,
				5D2F3AF51E3C5ABC00B77FFE /* TableViewCells */,
				5D2F3AFC1E3C5ABC00B77FFE /* Models */,
				5DFF7A9F1E3BAF6000356C66 /* AppDelegate.swift */,
				5DFF7AA11E3BAF6000356C66 /* DashboardViewController.swift */,
				5D1066041E3C25BE007D417F /* InfoViewController.swift */,
				5D1066061E3C25F5007D417F /* AdviceViewController.swift */,
				5DFF7AA31E3BAF6000356C66 /* Main.storyboard */,
				5DFF7AA61E3BAF6000356C66 /* Assets.xcassets */,
				5DFF7AA81E3BAF6000356C66 /* LaunchScreen.storyboard */,
				5DDF5F2F1E3BD1EB00E160DD /* Energyhack.entitlements */,
				5DFF7AAB1E3BAF6000356C66 /* Info.plist */,
				5D1065FA1E3BE494007D417F /* pushconfig.plist */,
			);
			path = Energyhack;
			sourceTree = "<group>";
		};
		A14452F0158F5871F5B670FF /* Pods */ = {
			isa = PBXGroup;
			children = (
				3379363AC7A6FEC29F95DA44 /* Pods-Energyhack.debug.xcconfig */,
				86B4344D245FF2FADE40CD90 /* Pods-Energyhack.release.xcconfig */,
				48AC6F5141A262EB0A3A8380 /* Pods-Pythia.debug.xcconfig */,
				61B531C8E71313E30272F4E7 /* Pods-Pythia.release.xcconfig */,
			);
			name = Pods;
			sourceTree = "<group>";
		};
		AA9E8512F84BB724A89F4436 /* Frameworks */ = {
			isa = PBXGroup;
			children = (
				1AF71882C41C0E5938FF3218 /* Pods_Energyhack.framework */,
				01F3337FEE42649365F80F18 /* Pods_Pythia.framework */,
			);
			name = Frameworks;
			sourceTree = "<group>";
		};
/* End PBXGroup section */

/* Begin PBXNativeTarget section */
		5DFF7A9B1E3BAF6000356C66 /* Pythia */ = {
			isa = PBXNativeTarget;
			buildConfigurationList = 5DFF7AAE1E3BAF6000356C66 /* Build configuration list for PBXNativeTarget "Pythia" */;
			buildPhases = (
				88F3AD959E887F473756A94E /* [CP] Check Pods Manifest.lock */,
				5DFF7A981E3BAF6000356C66 /* Sources */,
				5DFF7A991E3BAF6000356C66 /* Frameworks */,
				5DFF7A9A1E3BAF6000356C66 /* Resources */,
				5F9535BB281C1F6256BFC067 /* [CP] Embed Pods Frameworks */,
				2FFDC98160EB997F95870AF9 /* [CP] Copy Pods Resources */,
			);
			buildRules = (
			);
			dependencies = (
			);
			name = Pythia;
			productName = Energyhack;
			productReference = 5DFF7A9C1E3BAF6000356C66 /* Pythia.app */;
			productType = "com.apple.product-type.application";
		};
/* End PBXNativeTarget section */

/* Begin PBXProject section */
		5DFF7A941E3BAF6000356C66 /* Project object */ = {
			isa = PBXProject;
			attributes = {
				LastSwiftUpdateCheck = 0820;
				LastUpgradeCheck = 0820;
				ORGANIZATIONNAME = Community;
				TargetAttributes = {
					5DFF7A9B1E3BAF6000356C66 = {
						CreatedOnToolsVersion = 8.2.1;
						DevelopmentTeam = 8UGVNM2VM6;
						ProvisioningStyle = Automatic;
						SystemCapabilities = {
							com.apple.Push = {
								enabled = 1;
							};
						};
					};
				};
			};
			buildConfigurationList = 5DFF7A971E3BAF6000356C66 /* Build configuration list for PBXProject "Pythia" */;
			compatibilityVersion = "Xcode 3.2";
			developmentRegion = English;
			hasScannedForEncodings = 0;
			knownRegions = (
				en,
				Base,
			);
			mainGroup = 5DFF7A931E3BAF6000356C66;
			productRefGroup = 5DFF7A9D1E3BAF6000356C66 /* Products */;
			projectDirPath = "";
			projectRoot = "";
			targets = (
				5DFF7A9B1E3BAF6000356C66 /* Pythia */,
			);
		};
/* End PBXProject section */

/* Begin PBXResourcesBuildPhase section */
		5DFF7A9A1E3BAF6000356C66 /* Resources */ = {
			isa = PBXResourcesBuildPhase;
			buildActionMask = 2147483647;
			files = (
				5D2F3B021E3C5ABD00B77FFE /* AdviceViewCell.xib in Resources */,
				5D2F3B041E3C5ABD00B77FFE /* DashboardInfoViewCell.xib in Resources */,
				5D1065FB1E3BE494007D417F /* pushconfig.plist in Resources */,
				5D2F3B0F1E3CA38F00B77FFE /* assets in Resources */,
				5DFF7AAA1E3BAF6000356C66 /* LaunchScreen.storyboard in Resources */,
				5DFF7AA71E3BAF6000356C66 /* Assets.xcassets in Resources */,
				5D2F3B001E3C5ABD00B77FFE /* AdviceHeaderViewCell.xib in Resources */,
				5DFF7AA51E3BAF6000356C66 /* Main.storyboard in Resources */,
				5D2F3B141E3CAD0300B77FFE /* DashboardInfoHeaderViewCell.xib in Resources */,
				5D2F3AFE1E3C5ABC00B77FFE /* MonthPickerView.xib in Resources */,
			);
			runOnlyForDeploymentPostprocessing = 0;
		};
/* End PBXResourcesBuildPhase section */

/* Begin PBXShellScriptBuildPhase section */
		2FFDC98160EB997F95870AF9 /* [CP] Copy Pods Resources */ = {
			isa = PBXShellScriptBuildPhase;
			buildActionMask = 2147483647;
			files = (
			);
			inputPaths = (
			);
			name = "[CP] Copy Pods Resources";
			outputPaths = (
			);
			runOnlyForDeploymentPostprocessing = 0;
			shellPath = /bin/sh;
			shellScript = "\"${SRCROOT}/Pods/Target Support Files/Pods-Pythia/Pods-Pythia-resources.sh\"\n";
			showEnvVarsInLog = 0;
		};
		5F9535BB281C1F6256BFC067 /* [CP] Embed Pods Frameworks */ = {
			isa = PBXShellScriptBuildPhase;
			buildActionMask = 2147483647;
			files = (
			);
			inputPaths = (
			);
			name = "[CP] Embed Pods Frameworks";
			outputPaths = (
			);
			runOnlyForDeploymentPostprocessing = 0;
			shellPath = /bin/sh;
			shellScript = "\"${SRCROOT}/Pods/Target Support Files/Pods-Pythia/Pods-Pythia-frameworks.sh\"\n";
			showEnvVarsInLog = 0;
		};
		88F3AD959E887F473756A94E /* [CP] Check Pods Manifest.lock */ = {
			isa = PBXShellScriptBuildPhase;
			buildActionMask = 2147483647;
			files = (
			);
			inputPaths = (
			);
			name = "[CP] Check Pods Manifest.lock";
			outputPaths = (
			);
			runOnlyForDeploymentPostprocessing = 0;
			shellPath = /bin/sh;
			shellScript = "diff \"${PODS_ROOT}/../Podfile.lock\" \"${PODS_ROOT}/Manifest.lock\" > /dev/null\nif [ $? != 0 ] ; then\n    # print error to STDERR\n    echo \"error: The sandbox is not in sync with the Podfile.lock. Run 'pod install' or update your CocoaPods installation.\" >&2\n    exit 1\nfi\n";
			showEnvVarsInLog = 0;
		};
/* End PBXShellScriptBuildPhase section */

/* Begin PBXSourcesBuildPhase section */
		5DFF7A981E3BAF6000356C66 /* Sources */ = {
			isa = PBXSourcesBuildPhase;
			buildActionMask = 2147483647;
			files = (
				5D1066071E3C25F5007D417F /* AdviceViewController.swift in Sources */,
				5DFF7AA21E3BAF6000356C66 /* DashboardViewController.swift in Sources */,
				5D2F3B161E3CC02D00B77FFE /* FinalModel.swift in Sources */,
				5D2F3B061E3C5B1A00B77FFE /* MonthOverviewModel.swift in Sources */,
				5D2F3B081E3C5BBB00B77FFE /* PriceModel.swift in Sources */,
				5D1066051E3C25BE007D417F /* InfoViewController.swift in Sources */,
				5D2F3AFF1E3C5ABC00B77FFE /* AdviceHeaderViewCell.swift in Sources */,
				5DFF7AA01E3BAF6000356C66 /* AppDelegate.swift in Sources */,
				5D2F3B031E3C5ABD00B77FFE /* DashboardInfoViewCell.swift in Sources */,
				5D2F3AFD1E3C5ABC00B77FFE /* MonthPickerView.swift in Sources */,
				5D2F3B131E3CAD0300B77FFE /* DashboardInfoHeaderViewCell.swift in Sources */,
				5D2F3B011E3C5ABD00B77FFE /* AdviceViewCell.swift in Sources */,
			);
			runOnlyForDeploymentPostprocessing = 0;
		};
/* End PBXSourcesBuildPhase section */

/* Begin PBXVariantGroup section */
		5DFF7AA31E3BAF6000356C66 /* Main.storyboard */ = {
			isa = PBXVariantGroup;
			children = (
				5DFF7AA41E3BAF6000356C66 /* Base */,
			);
			name = Main.storyboard;
			sourceTree = "<group>";
		};
		5DFF7AA81E3BAF6000356C66 /* LaunchScreen.storyboard */ = {
			isa = PBXVariantGroup;
			children = (
				5DFF7AA91E3BAF6000356C66 /* Base */,
			);
			name = LaunchScreen.storyboard;
			sourceTree = "<group>";
		};
/* End PBXVariantGroup section */

/* Begin XCBuildConfiguration section */
		5DFF7AAC1E3BAF6000356C66 /* Debug */ = {
			isa = XCBuildConfiguration;
			buildSettings = {
				ALWAYS_SEARCH_USER_PATHS = NO;
				CLANG_ANALYZER_NONNULL = YES;
				CLANG_CXX_LANGUAGE_STANDARD = "gnu++0x";
				CLANG_CXX_LIBRARY = "libc++";
				CLANG_ENABLE_MODULES = YES;
				CLANG_ENABLE_OBJC_ARC = YES;
				CLANG_WARN_BOOL_CONVERSION = YES;
				CLANG_WARN_CONSTANT_CONVERSION = YES;
				CLANG_WARN_DIRECT_OBJC_ISA_USAGE = YES_ERROR;
				CLANG_WARN_DOCUMENTATION_COMMENTS = YES;
				CLANG_WARN_EMPTY_BODY = YES;
				CLANG_WARN_ENUM_CONVERSION = YES;
				CLANG_WARN_INFINITE_RECURSION = YES;
				CLANG_WARN_INT_CONVERSION = YES;
				CLANG_WARN_OBJC_ROOT_CLASS = YES_ERROR;
				CLANG_WARN_SUSPICIOUS_MOVE = YES;
				CLANG_WARN_UNREACHABLE_CODE = YES;
				CLANG_WARN__DUPLICATE_METHOD_MATCH = YES;
				"CODE_SIGN_IDENTITY[sdk=iphoneos*]" = "iPhone Developer";
				COPY_PHASE_STRIP = NO;
				DEBUG_INFORMATION_FORMAT = dwarf;
				ENABLE_STRICT_OBJC_MSGSEND = YES;
				ENABLE_TESTABILITY = YES;
				GCC_C_LANGUAGE_STANDARD = gnu99;
				GCC_DYNAMIC_NO_PIC = NO;
				GCC_NO_COMMON_BLOCKS = YES;
				GCC_OPTIMIZATION_LEVEL = 0;
				GCC_PREPROCESSOR_DEFINITIONS = (
					"DEBUG=1",
					"$(inherited)",
				);
				GCC_WARN_64_TO_32_BIT_CONVERSION = YES;
				GCC_WARN_ABOUT_RETURN_TYPE = YES_ERROR;
				GCC_WARN_UNDECLARED_SELECTOR = YES;
				GCC_WARN_UNINITIALIZED_AUTOS = YES_AGGRESSIVE;
				GCC_WARN_UNUSED_FUNCTION = YES;
				GCC_WARN_UNUSED_VARIABLE = YES;
				IPHONEOS_DEPLOYMENT_TARGET = 10.0;
				MTL_ENABLE_DEBUG_INFO = YES;
				ONLY_ACTIVE_ARCH = YES;
				SDKROOT = iphoneos;
				SWIFT_ACTIVE_COMPILATION_CONDITIONS = DEBUG;
				SWIFT_OPTIMIZATION_LEVEL = "-Onone";
			};
			name = Debug;
		};
		5DFF7AAD1E3BAF6000356C66 /* Release */ = {
			isa = XCBuildConfiguration;
			buildSettings = {
				ALWAYS_SEARCH_USER_PATHS = NO;
				CLANG_ANALYZER_NONNULL = YES;
				CLANG_CXX_LANGUAGE_STANDARD = "gnu++0x";
				CLANG_CXX_LIBRARY = "libc++";
				CLANG_ENABLE_MODULES = YES;
				CLANG_ENABLE_OBJC_ARC = YES;
				CLANG_WARN_BOOL_CONVERSION = YES;
				CLANG_WARN_CONSTANT_CONVERSION = YES;
				CLANG_WARN_DIRECT_OBJC_ISA_USAGE = YES_ERROR;
				CLANG_WARN_DOCUMENTATION_COMMENTS = YES;
				CLANG_WARN_EMPTY_BODY = YES;
				CLANG_WARN_ENUM_CONVERSION = YES;
				CLANG_WARN_INFINITE_RECURSION = YES;
				CLANG_WARN_INT_CONVERSION = YES;
				CLANG_WARN_OBJC_ROOT_CLASS = YES_ERROR;
				CLANG_WARN_SUSPICIOUS_MOVE = YES;
				CLANG_WARN_UNREACHABLE_CODE = YES;
				CLANG_WARN__DUPLICATE_METHOD_MATCH = YES;
				"CODE_SIGN_IDENTITY[sdk=iphoneos*]" = "iPhone Developer";
				COPY_PHASE_STRIP = NO;
				DEBUG_INFORMATION_FORMAT = "dwarf-with-dsym";
				ENABLE_NS_ASSERTIONS = NO;
				ENABLE_STRICT_OBJC_MSGSEND = YES;
				GCC_C_LANGUAGE_STANDARD = gnu99;
				GCC_NO_COMMON_BLOCKS = YES;
				GCC_WARN_64_TO_32_BIT_CONVERSION = YES;
				GCC_WARN_ABOUT_RETURN_TYPE = YES_ERROR;
				GCC_WARN_UNDECLARED_SELECTOR = YES;
				GCC_WARN_UNINITIALIZED_AUTOS = YES_AGGRESSIVE;
				GCC_WARN_UNUSED_FUNCTION = YES;
				GCC_WARN_UNUSED_VARIABLE = YES;
				IPHONEOS_DEPLOYMENT_TARGET = 10.0;
				MTL_ENABLE_DEBUG_INFO = NO;
				SDKROOT = iphoneos;
				SWIFT_OPTIMIZATION_LEVEL = "-Owholemodule";
				VALIDATE_PRODUCT = YES;
			};
			name = Release;
		};
		5DFF7AAF1E3BAF6000356C66 /* Debug */ = {
			isa = XCBuildConfiguration;
			baseConfigurationReference = 48AC6F5141A262EB0A3A8380 /* Pods-Pythia.debug.xcconfig */;
			buildSettings = {
				ASSETCATALOG_COMPILER_APPICON_NAME = AppIcon;
				CODE_SIGN_ENTITLEMENTS = Energyhack/Energyhack.entitlements;
				DEVELOPMENT_TEAM = 8UGVNM2VM6;
				INFOPLIST_FILE = Energyhack/Info.plist;
				LD_RUNPATH_SEARCH_PATHS = "$(inherited) @executable_path/Frameworks";
				PRODUCT_BUNDLE_IDENTIFIER = com.community.energyhack.ios;
				PRODUCT_NAME = "$(TARGET_NAME)";
				SWIFT_VERSION = 3.0;
			};
			name = Debug;
		};
		5DFF7AB01E3BAF6000356C66 /* Release */ = {
			isa = XCBuildConfiguration;
			baseConfigurationReference = 61B531C8E71313E30272F4E7 /* Pods-Pythia.release.xcconfig */;
			buildSettings = {
				ASSETCATALOG_COMPILER_APPICON_NAME = AppIcon;
				CODE_SIGN_ENTITLEMENTS = Energyhack/Energyhack.entitlements;
				DEVELOPMENT_TEAM = 8UGVNM2VM6;
				INFOPLIST_FILE = Energyhack/Info.plist;
				LD_RUNPATH_SEARCH_PATHS = "$(inherited) @executable_path/Frameworks";
				PRODUCT_BUNDLE_IDENTIFIER = com.community.energyhack.ios;
				PRODUCT_NAME = "$(TARGET_NAME)";
				SWIFT_VERSION = 3.0;
			};
			name = Release;
		};
/* End XCBuildConfiguration section */

/* Begin XCConfigurationList section */
		5DFF7A971E3BAF6000356C66 /* Build configuration list for PBXProject "Pythia" */ = {
			isa = XCConfigurationList;
			buildConfigurations = (
				5DFF7AAC1E3BAF6000356C66 /* Debug */,
				5DFF7AAD1E3BAF6000356C66 /* Release */,
			);
			defaultConfigurationIsVisible = 0;
			defaultConfigurationName = Release;
		};
		5DFF7AAE1E3BAF6000356C66 /* Build configuration list for PBXNativeTarget "Pythia" */ = {
			isa = XCConfigurationList;
			buildConfigurations = (
				5DFF7AAF1E3BAF6000356C66 /* Debug */,
				5DFF7AB01E3BAF6000356C66 /* Release */,
			);
			defaultConfigurationIsVisible = 0;
			defaultConfigurationName = Release;
		};
/* End XCConfigurationList section */
	};
	rootObject = 5DFF7A941E3BAF6000356C66 /* Project object */;
}
